// !$*UTF8*$!
{
	archiveVersion = 1;
	classes = {
	};
	objectVersion = 46;
	objects = {

/* Begin PBXBuildFile section */
		299AEACB19F653FA008E67BE /* main.m in Sources */ = {isa = PBXBuildFile; fileRef = 299AEACA19F653FA008E67BE /* main.m */; };
		299AEACE19F653FA008E67BE /* AppDelegate.m in Sources */ = {isa = PBXBuildFile; fileRef = 299AEACD19F653FA008E67BE /* AppDelegate.m */; };
		299AEAD119F653FA008E67BE /* _021HW.xcdatamodeld in Sources */ = {isa = PBXBuildFile; fileRef = 299AEACF19F653FA008E67BE /* _021HW.xcdatamodeld */; };
		299AEAD419F653FA008E67BE /* ViewController.m in Sources */ = {isa = PBXBuildFile; fileRef = 299AEAD319F653FA008E67BE /* ViewController.m */; };
		299AEAD719F653FA008E67BE /* Main.storyboard in Resources */ = {isa = PBXBuildFile; fileRef = 299AEAD519F653FA008E67BE /* Main.storyboard */; };
		299AEAD919F653FA008E67BE /* Images.xcassets in Resources */ = {isa = PBXBuildFile; fileRef = 299AEAD819F653FA008E67BE /* Images.xcassets */; };
		299AEADC19F653FA008E67BE /* LaunchScreen.xib in Resources */ = {isa = PBXBuildFile; fileRef = 299AEADA19F653FA008E67BE /* LaunchScreen.xib */; };
		299AEAE819F653FA008E67BE /* _021HWTests.m in Sources */ = {isa = PBXBuildFile; fileRef = 299AEAE719F653FA008E67BE /* _021HWTests.m */; };
		299AEAF319F65567008E67BE /* DepositViewController.m in Sources */ = {isa = PBXBuildFile; fileRef = 299AEAF219F65567008E67BE /* DepositViewController.m */; };
		299AEAF619F65578008E67BE /* WithdrawViewController.m in Sources */ = {isa = PBXBuildFile; fileRef = 299AEAF519F65578008E67BE /* WithdrawViewController.m */; };
		299AEAFA19F65629008E67BE /* XYZPerson.m in Sources */ = {isa = PBXBuildFile; fileRef = 299AEAF919F65629008E67BE /* XYZPerson.m */; };
		299AEAFD19F6582C008E67BE /* Customer.m in Sources */ = {isa = PBXBuildFile; fileRef = 299AEAFC19F6582C008E67BE /* Customer.m */; };
		299AEB0019F6681E008E67BE /* QueryViewController.m in Sources */ = {isa = PBXBuildFile; fileRef = 299AEAFF19F6681E008E67BE /* QueryViewController.m */; };
		76478A2019F7851C004B7B36 /* Bolts.framework in Frameworks */ = {isa = PBXBuildFile; fileRef = 76478A1D19F7851C004B7B36 /* Bolts.framework */; };
		76478A2119F7851D004B7B36 /* Parse.framework in Frameworks */ = {isa = PBXBuildFile; fileRef = 76478A1E19F7851C004B7B36 /* Parse.framework */; };
		76478A2219F7851D004B7B36 /* ParseFacebookUtils.framework in Frameworks */ = {isa = PBXBuildFile; fileRef = 76478A1F19F7851C004B7B36 /* ParseFacebookUtils.framework */; };
		76478A2419F78533004B7B36 /* AudioToolbox.framework in Frameworks */ = {isa = PBXBuildFile; fileRef = 76478A2319F78533004B7B36 /* AudioToolbox.framework */; };
		76478A2619F7853B004B7B36 /* CFNetwork.framework in Frameworks */ = {isa = PBXBuildFile; fileRef = 76478A2519F7853B004B7B36 /* CFNetwork.framework */; };
		76478A2819F78545004B7B36 /* CoreGraphics.framework in Frameworks */ = {isa = PBXBuildFile; fileRef = 76478A2719F78545004B7B36 /* CoreGraphics.framework */; };
		76478A2A19F78552004B7B36 /* CoreLocation.framework in Frameworks */ = {isa = PBXBuildFile; fileRef = 76478A2919F78552004B7B36 /* CoreLocation.framework */; };
		76478A2C19F7855B004B7B36 /* libz.dylib in Frameworks */ = {isa = PBXBuildFile; fileRef = 76478A2B19F7855B004B7B36 /* libz.dylib */; };
		76478A2E19F78564004B7B36 /* MobileCoreServices.framework in Frameworks */ = {isa = PBXBuildFile; fileRef = 76478A2D19F78564004B7B36 /* MobileCoreServices.framework */; };
		76478A3019F7856E004B7B36 /* QuartzCore.framework in Frameworks */ = {isa = PBXBuildFile; fileRef = 76478A2F19F7856E004B7B36 /* QuartzCore.framework */; };
		76478A3219F78578004B7B36 /* Security.framework in Frameworks */ = {isa = PBXBuildFile; fileRef = 76478A3119F78578004B7B36 /* Security.framework */; };
		76478A3419F7857F004B7B36 /* StoreKit.framework in Frameworks */ = {isa = PBXBuildFile; fileRef = 76478A3319F7857F004B7B36 /* StoreKit.framework */; };
		76478A3619F7858C004B7B36 /* SystemConfiguration.framework in Frameworks */ = {isa = PBXBuildFile; fileRef = 76478A3519F7858C004B7B36 /* SystemConfiguration.framework */; };
		76C72FA219F9EA000059A75B /* LogInViewController.m in Sources */ = {isa = PBXBuildFile; fileRef = 76C72FA119F9EA000059A75B /* LogInViewController.m */; };
/* End PBXBuildFile section */

/* Begin PBXContainerItemProxy section */
		299AEAE219F653FA008E67BE /* PBXContainerItemProxy */ = {
			isa = PBXContainerItemProxy;
			containerPortal = 299AEABD19F653FA008E67BE /* Project object */;
			proxyType = 1;
			remoteGlobalIDString = 299AEAC419F653FA008E67BE;
			remoteInfo = 1021HW;
		};
/* End PBXContainerItemProxy section */

/* Begin PBXFileReference section */
		299AEAC519F653FA008E67BE /* 1021HW.app */ = {isa = PBXFileReference; explicitFileType = wrapper.application; includeInIndex = 0; path = 1021HW.app; sourceTree = BUILT_PRODUCTS_DIR; };
		299AEAC919F653FA008E67BE /* Info.plist */ = {isa = PBXFileReference; lastKnownFileType = text.plist.xml; path = Info.plist; sourceTree = "<group>"; };
		299AEACA19F653FA008E67BE /* main.m */ = {isa = PBXFileReference; lastKnownFileType = sourcecode.c.objc; path = main.m; sourceTree = "<group>"; };
		299AEACC19F653FA008E67BE /* AppDelegate.h */ = {isa = PBXFileReference; lastKnownFileType = sourcecode.c.h; path = AppDelegate.h; sourceTree = "<group>"; };
		299AEACD19F653FA008E67BE /* AppDelegate.m */ = {isa = PBXFileReference; lastKnownFileType = sourcecode.c.objc; path = AppDelegate.m; sourceTree = "<group>"; };
		299AEAD019F653FA008E67BE /* _021HW.xcdatamodel */ = {isa = PBXFileReference; lastKnownFileType = wrapper.xcdatamodel; path = _021HW.xcdatamodel; sourceTree = "<group>"; };
		299AEAD219F653FA008E67BE /* ViewController.h */ = {isa = PBXFileReference; lastKnownFileType = sourcecode.c.h; path = ViewController.h; sourceTree = "<group>"; };
		299AEAD319F653FA008E67BE /* ViewController.m */ = {isa = PBXFileReference; lastKnownFileType = sourcecode.c.objc; path = ViewController.m; sourceTree = "<group>"; };
		299AEAD619F653FA008E67BE /* Base */ = {isa = PBXFileReference; lastKnownFileType = file.storyboard; name = Base; path = Base.lproj/Main.storyboard; sourceTree = "<group>"; };
		299AEAD819F653FA008E67BE /* Images.xcassets */ = {isa = PBXFileReference; lastKnownFileType = folder.assetcatalog; path = Images.xcassets; sourceTree = "<group>"; };
		299AEADB19F653FA008E67BE /* Base */ = {isa = PBXFileReference; lastKnownFileType = file.xib; name = Base; path = Base.lproj/LaunchScreen.xib; sourceTree = "<group>"; };
		299AEAE119F653FA008E67BE /* 1021HWTests.xctest */ = {isa = PBXFileReference; explicitFileType = wrapper.cfbundle; includeInIndex = 0; path = 1021HWTests.xctest; sourceTree = BUILT_PRODUCTS_DIR; };
		299AEAE619F653FA008E67BE /* Info.plist */ = {isa = PBXFileReference; lastKnownFileType = text.plist.xml; path = Info.plist; sourceTree = "<group>"; };
		299AEAE719F653FA008E67BE /* _021HWTests.m */ = {isa = PBXFileReference; lastKnownFileType = sourcecode.c.objc; path = _021HWTests.m; sourceTree = "<group>"; };
		299AEAF119F65567008E67BE /* DepositViewController.h */ = {isa = PBXFileReference; fileEncoding = 4; lastKnownFileType = sourcecode.c.h; path = DepositViewController.h; sourceTree = "<group>"; };
		299AEAF219F65567008E67BE /* DepositViewController.m */ = {isa = PBXFileReference; fileEncoding = 4; lastKnownFileType = sourcecode.c.objc; path = DepositViewController.m; sourceTree = "<group>"; };
		299AEAF419F65578008E67BE /* WithdrawViewController.h */ = {isa = PBXFileReference; fileEncoding = 4; lastKnownFileType = sourcecode.c.h; path = WithdrawViewController.h; sourceTree = "<group>"; };
		299AEAF519F65578008E67BE /* WithdrawViewController.m */ = {isa = PBXFileReference; fileEncoding = 4; lastKnownFileType = sourcecode.c.objc; path = WithdrawViewController.m; sourceTree = "<group>"; };
		299AEAF819F65629008E67BE /* XYZPerson.h */ = {isa = PBXFileReference; fileEncoding = 4; lastKnownFileType = sourcecode.c.h; path = XYZPerson.h; sourceTree = "<group>"; };
		299AEAF919F65629008E67BE /* XYZPerson.m */ = {isa = PBXFileReference; fileEncoding = 4; lastKnownFileType = sourcecode.c.objc; path = XYZPerson.m; sourceTree = "<group>"; };
		299AEAFB19F6582C008E67BE /* Customer.h */ = {isa = PBXFileReference; fileEncoding = 4; lastKnownFileType = sourcecode.c.h; path = Customer.h; sourceTree = "<group>"; };
		299AEAFC19F6582C008E67BE /* Customer.m */ = {isa = PBXFileReference; fileEncoding = 4; lastKnownFileType = sourcecode.c.objc; path = Customer.m; sourceTree = "<group>"; };
		299AEAFE19F6681E008E67BE /* QueryViewController.h */ = {isa = PBXFileReference; fileEncoding = 4; lastKnownFileType = sourcecode.c.h; path = QueryViewController.h; sourceTree = "<group>"; };
		299AEAFF19F6681E008E67BE /* QueryViewController.m */ = {isa = PBXFileReference; fileEncoding = 4; lastKnownFileType = sourcecode.c.objc; path = QueryViewController.m; sourceTree = "<group>"; };
		76478A1D19F7851C004B7B36 /* Bolts.framework */ = {isa = PBXFileReference; lastKnownFileType = wrapper.framework; path = Bolts.framework; sourceTree = "<group>"; };
		76478A1E19F7851C004B7B36 /* Parse.framework */ = {isa = PBXFileReference; lastKnownFileType = wrapper.framework; path = Parse.framework; sourceTree = "<group>"; };
		76478A1F19F7851C004B7B36 /* ParseFacebookUtils.framework */ = {isa = PBXFileReference; lastKnownFileType = wrapper.framework; path = ParseFacebookUtils.framework; sourceTree = "<group>"; };
		76478A2319F78533004B7B36 /* AudioToolbox.framework */ = {isa = PBXFileReference; lastKnownFileType = wrapper.framework; name = AudioToolbox.framework; path = System/Library/Frameworks/AudioToolbox.framework; sourceTree = SDKROOT; };
		76478A2519F7853B004B7B36 /* CFNetwork.framework */ = {isa = PBXFileReference; lastKnownFileType = wrapper.framework; name = CFNetwork.framework; path = System/Library/Frameworks/CFNetwork.framework; sourceTree = SDKROOT; };
		76478A2719F78545004B7B36 /* CoreGraphics.framework */ = {isa = PBXFileReference; lastKnownFileType = wrapper.framework; name = CoreGraphics.framework; path = System/Library/Frameworks/CoreGraphics.framework; sourceTree = SDKROOT; };
		76478A2919F78552004B7B36 /* CoreLocation.framework */ = {isa = PBXFileReference; lastKnownFileType = wrapper.framework; name = CoreLocation.framework; path = System/Library/Frameworks/CoreLocation.framework; sourceTree = SDKROOT; };
		76478A2B19F7855B004B7B36 /* libz.dylib */ = {isa = PBXFileReference; lastKnownFileType = "compiled.mach-o.dylib"; name = libz.dylib; path = usr/lib/libz.dylib; sourceTree = SDKROOT; };
		76478A2D19F78564004B7B36 /* MobileCoreServices.framework */ = {isa = PBXFileReference; lastKnownFileType = wrapper.framework; name = MobileCoreServices.framework; path = System/Library/Frameworks/MobileCoreServices.framework; sourceTree = SDKROOT; };
		76478A2F19F7856E004B7B36 /* QuartzCore.framework */ = {isa = PBXFileReference; lastKnownFileType = wrapper.framework; name = QuartzCore.framework; path = System/Library/Frameworks/QuartzCore.framework; sourceTree = SDKROOT; };
		76478A3119F78578004B7B36 /* Security.framework */ = {isa = PBXFileReference; lastKnownFileType = wrapper.framework; name = Security.framework; path = System/Library/Frameworks/Security.framework; sourceTree = SDKROOT; };
		76478A3319F7857F004B7B36 /* StoreKit.framework */ = {isa = PBXFileReference; lastKnownFileType = wrapper.framework; name = StoreKit.framework; path = System/Library/Frameworks/StoreKit.framework; sourceTree = SDKROOT; };
		76478A3519F7858C004B7B36 /* SystemConfiguration.framework */ = {isa = PBXFileReference; lastKnownFileType = wrapper.framework; name = SystemConfiguration.framework; path = System/Library/Frameworks/SystemConfiguration.framework; sourceTree = SDKROOT; };
		76C72FA019F9EA000059A75B /* LogInViewController.h */ = {isa = PBXFileReference; fileEncoding = 4; lastKnownFileType = sourcecode.c.h; path = LogInViewController.h; sourceTree = "<group>"; };
		76C72FA119F9EA000059A75B /* LogInViewController.m */ = {isa = PBXFileReference; fileEncoding = 4; lastKnownFileType = sourcecode.c.objc; path = LogInViewController.m; sourceTree = "<group>"; };
/* End PBXFileReference section */

/* Begin PBXFrameworksBuildPhase section */
		299AEAC219F653FA008E67BE /* Frameworks */ = {
			isa = PBXFrameworksBuildPhase;
			buildActionMask = 2147483647;
			files = (
				76478A3619F7858C004B7B36 /* SystemConfiguration.framework in Frameworks */,
				76478A3419F7857F004B7B36 /* StoreKit.framework in Frameworks */,
				76478A3219F78578004B7B36 /* Security.framework in Frameworks */,
				76478A3019F7856E004B7B36 /* QuartzCore.framework in Frameworks */,
				76478A2E19F78564004B7B36 /* MobileCoreServices.framework in Frameworks */,
				76478A2C19F7855B004B7B36 /* libz.dylib in Frameworks */,
				76478A2A19F78552004B7B36 /* CoreLocation.framework in Frameworks */,
				76478A2819F78545004B7B36 /* CoreGraphics.framework in Frameworks */,
				76478A2619F7853B004B7B36 /* CFNetwork.framework in Frameworks */,
				76478A2419F78533004B7B36 /* AudioToolbox.framework in Frameworks */,
				76478A2119F7851D004B7B36 /* Parse.framework in Frameworks */,
				76478A2019F7851C004B7B36 /* Bolts.framework in Frameworks */,
				76478A2219F7851D004B7B36 /* ParseFacebookUtils.framework in Frameworks */,
			);
			runOnlyForDeploymentPostprocessing = 0;
		};
		299AEADE19F653FA008E67BE /* Frameworks */ = {
			isa = PBXFrameworksBuildPhase;
			buildActionMask = 2147483647;
			files = (
			);
			runOnlyForDeploymentPostprocessing = 0;
		};
/* End PBXFrameworksBuildPhase section */

/* Begin PBXGroup section */
		299AEABC19F653FA008E67BE = {
			isa = PBXGroup;
			children = (
				76478A7119F8A615004B7B36 /* framework */,
				76478A1C19F7851C004B7B36 /* parse-library-1.4.2 */,
				299AEAF719F655EE008E67BE /* Model */,
				299AEAC719F653FA008E67BE /* 1021HW */,
				299AEAE419F653FA008E67BE /* 1021HWTests */,
				299AEAC619F653FA008E67BE /* Products */,
			);
			sourceTree = "<group>";
		};
		299AEAC619F653FA008E67BE /* Products */ = {
			isa = PBXGroup;
			children = (
				299AEAC519F653FA008E67BE /* 1021HW.app */,
				299AEAE119F653FA008E67BE /* 1021HWTests.xctest */,
			);
			name = Products;
			sourceTree = "<group>";
		};
		299AEAC719F653FA008E67BE /* 1021HW */ = {
			isa = PBXGroup;
			children = (
				299AEAD219F653FA008E67BE /* ViewController.h */,
				299AEAD319F653FA008E67BE /* ViewController.m */,
				299AEAF119F65567008E67BE /* DepositViewController.h */,
				299AEAF219F65567008E67BE /* DepositViewController.m */,
				299AEAF419F65578008E67BE /* WithdrawViewController.h */,
				299AEAF519F65578008E67BE /* WithdrawViewController.m */,
				299AEAFE19F6681E008E67BE /* QueryViewController.h */,
				299AEAFF19F6681E008E67BE /* QueryViewController.m */,
				76C72FA019F9EA000059A75B /* LogInViewController.h */,
				76C72FA119F9EA000059A75B /* LogInViewController.m */,
				299AEAD519F653FA008E67BE /* Main.storyboard */,
				299AEAD819F653FA008E67BE /* Images.xcassets */,
				299AEADA19F653FA008E67BE /* LaunchScreen.xib */,
				299AEACF19F653FA008E67BE /* _021HW.xcdatamodeld */,
				299AEAC819F653FA008E67BE /* Supporting Files */,
			);
			path = 1021HW;
			sourceTree = "<group>";
		};
		299AEAC819F653FA008E67BE /* Supporting Files */ = {
			isa = PBXGroup;
			children = (
				299AEACC19F653FA008E67BE /* AppDelegate.h */,
				299AEACD19F653FA008E67BE /* AppDelegate.m */,
				299AEAC919F653FA008E67BE /* Info.plist */,
				299AEACA19F653FA008E67BE /* main.m */,
			);
			name = "Supporting Files";
			sourceTree = "<group>";
		};
		299AEAE419F653FA008E67BE /* 1021HWTests */ = {
			isa = PBXGroup;
			children = (
				299AEAE719F653FA008E67BE /* _021HWTests.m */,
				299AEAE519F653FA008E67BE /* Supporting Files */,
			);
			path = 1021HWTests;
			sourceTree = "<group>";
		};
		299AEAE519F653FA008E67BE /* Supporting Files */ = {
			isa = PBXGroup;
			children = (
				299AEAE619F653FA008E67BE /* Info.plist */,
			);
			name = "Supporting Files";
			sourceTree = "<group>";
		};
		299AEAF719F655EE008E67BE /* Model */ = {
			isa = PBXGroup;
			children = (
				299AEAF819F65629008E67BE /* XYZPerson.h */,
				299AEAF919F65629008E67BE /* XYZPerson.m */,
				299AEAFB19F6582C008E67BE /* Customer.h */,
				299AEAFC19F6582C008E67BE /* Customer.m */,
			);
			name = Model;
			path = 1021HW/Model;
			sourceTree = "<group>";
		};
		76478A1C19F7851C004B7B36 /* parse-library-1.4.2 */ = {
			isa = PBXGroup;
			children = (
				76478A1D19F7851C004B7B36 /* Bolts.framework */,
				76478A1E19F7851C004B7B36 /* Parse.framework */,
				76478A1F19F7851C004B7B36 /* ParseFacebookUtils.framework */,
			);
			name = "parse-library-1.4.2";
			path = "../../parse-library-1.4.2";
			sourceTree = "<group>";
		};
		76478A7119F8A615004B7B36 /* framework */ = {
			isa = PBXGroup;
			children = (
				76478A3519F7858C004B7B36 /* SystemConfiguration.framework */,
				76478A3319F7857F004B7B36 /* StoreKit.framework */,
				76478A3119F78578004B7B36 /* Security.framework */,
				76478A2F19F7856E004B7B36 /* QuartzCore.framework */,
				76478A2D19F78564004B7B36 /* MobileCoreServices.framework */,
				76478A2B19F7855B004B7B36 /* libz.dylib */,
				76478A2919F78552004B7B36 /* CoreLocation.framework */,
				76478A2719F78545004B7B36 /* CoreGraphics.framework */,
				76478A2519F7853B004B7B36 /* CFNetwork.framework */,
				76478A2319F78533004B7B36 /* AudioToolbox.framework */,
			);
			name = framework;
			sourceTree = "<group>";
		};
/* End PBXGroup section */

/* Begin PBXNativeTarget section */
		299AEAC419F653FA008E67BE /* 1021HW */ = {
			isa = PBXNativeTarget;
			buildConfigurationList = 299AEAEB19F653FA008E67BE /* Build configuration list for PBXNativeTarget "1021HW" */;
			buildPhases = (
				299AEAC119F653FA008E67BE /* Sources */,
				299AEAC219F653FA008E67BE /* Frameworks */,
				299AEAC319F653FA008E67BE /* Resources */,
			);
			buildRules = (
			);
			dependencies = (
			);
			name = 1021HW;
			productName = 1021HW;
			productReference = 299AEAC519F653FA008E67BE /* 1021HW.app */;
			productType = "com.apple.product-type.application";
		};
		299AEAE019F653FA008E67BE /* 1021HWTests */ = {
			isa = PBXNativeTarget;
			buildConfigurationList = 299AEAEE19F653FA008E67BE /* Build configuration list for PBXNativeTarget "1021HWTests" */;
			buildPhases = (
				299AEADD19F653FA008E67BE /* Sources */,
				299AEADE19F653FA008E67BE /* Frameworks */,
				299AEADF19F653FA008E67BE /* Resources */,
			);
			buildRules = (
			);
			dependencies = (
				299AEAE319F653FA008E67BE /* PBXTargetDependency */,
			);
			name = 1021HWTests;
			productName = 1021HWTests;
			productReference = 299AEAE119F653FA008E67BE /* 1021HWTests.xctest */;
			productType = "com.apple.product-type.bundle.unit-test";
		};
/* End PBXNativeTarget section */

/* Begin PBXProject section */
		299AEABD19F653FA008E67BE /* Project object */ = {
			isa = PBXProject;
			attributes = {
				LastUpgradeCheck = 0600;
				ORGANIZATIONNAME = dosomethingq;
				TargetAttributes = {
					299AEAC419F653FA008E67BE = {
						CreatedOnToolsVersion = 6.0.1;
					};
					299AEAE019F653FA008E67BE = {
						CreatedOnToolsVersion = 6.0.1;
						TestTargetID = 299AEAC419F653FA008E67BE;
					};
				};
			};
			buildConfigurationList = 299AEAC019F653FA008E67BE /* Build configuration list for PBXProject "1021HW" */;
			compatibilityVersion = "Xcode 3.2";
			developmentRegion = English;
			hasScannedForEncodings = 0;
			knownRegions = (
				en,
				Base,
			);
			mainGroup = 299AEABC19F653FA008E67BE;
			productRefGroup = 299AEAC619F653FA008E67BE /* Products */;
			projectDirPath = "";
			projectRoot = "";
			targets = (
				299AEAC419F653FA008E67BE /* 1021HW */,
				299AEAE019F653FA008E67BE /* 1021HWTests */,
			);
		};
/* End PBXProject section */

/* Begin PBXResourcesBuildPhase section */
		299AEAC319F653FA008E67BE /* Resources */ = {
			isa = PBXResourcesBuildPhase;
			buildActionMask = 2147483647;
			files = (
				299AEAD719F653FA008E67BE /* Main.storyboard in Resources */,
				299AEADC19F653FA008E67BE /* LaunchScreen.xib in Resources */,
				299AEAD919F653FA008E67BE /* Images.xcassets in Resources */,
			);
			runOnlyForDeploymentPostprocessing = 0;
		};
		299AEADF19F653FA008E67BE /* Resources */ = {
			isa = PBXResourcesBuildPhase;
			buildActionMask = 2147483647;
			files = (
			);
			runOnlyForDeploymentPostprocessing = 0;
		};
/* End PBXResourcesBuildPhase section */

/* Begin PBXSourcesBuildPhase section */
		299AEAC119F653FA008E67BE /* Sources */ = {
			isa = PBXSourcesBuildPhase;
			buildActionMask = 2147483647;
			files = (
				299AEAFA19F65629008E67BE /* XYZPerson.m in Sources */,
				299AEAF319F65567008E67BE /* DepositViewController.m in Sources */,
				76C72FA219F9EA000059A75B /* LogInViewController.m in Sources */,
				299AEB0019F6681E008E67BE /* QueryViewController.m in Sources */,
				299AEAD119F653FA008E67BE /* _021HW.xcdatamodeld in Sources */,
				299AEAF619F65578008E67BE /* WithdrawViewController.m in Sources */,
				299AEACE19F653FA008E67BE /* AppDelegate.m in Sources */,
				299AEAD419F653FA008E67BE /* ViewController.m in Sources */,
				299AEACB19F653FA008E67BE /* main.m in Sources */,
				299AEAFD19F6582C008E67BE /* Customer.m in Sources */,
			);
			runOnlyForDeploymentPostprocessing = 0;
		};
		299AEADD19F653FA008E67BE /* Sources */ = {
			isa = PBXSourcesBuildPhase;
			buildActionMask = 2147483647;
			files = (
				299AEAE819F653FA008E67BE /* _021HWTests.m in Sources */,
			);
			runOnlyForDeploymentPostprocessing = 0;
		};
/* End PBXSourcesBuildPhase section */

/* Begin PBXTargetDependency section */
		299AEAE319F653FA008E67BE /* PBXTargetDependency */ = {
			isa = PBXTargetDependency;
			target = 299AEAC419F653FA008E67BE /* 1021HW */;
			targetProxy = 299AEAE219F653FA008E67BE /* PBXContainerItemProxy */;
		};
/* End PBXTargetDependency section */

/* Begin PBXVariantGroup section */
		299AEAD519F653FA008E67BE /* Main.storyboard */ = {
			isa = PBXVariantGroup;
			children = (
				299AEAD619F653FA008E67BE /* Base */,
			);
			name = Main.storyboard;
			sourceTree = "<group>";
		};
		299AEADA19F653FA008E67BE /* LaunchScreen.xib */ = {
			isa = PBXVariantGroup;
			children = (
				299AEADB19F653FA008E67BE /* Base */,
			);
			name = LaunchScreen.xib;
			sourceTree = "<group>";
		};
/* End PBXVariantGroup section */

/* Begin XCBuildConfiguration section */
		299AEAE919F653FA008E67BE /* Debug */ = {
			isa = XCBuildConfiguration;
			buildSettings = {
				ALWAYS_SEARCH_USER_PATHS = NO;
				CLANG_CXX_LANGUAGE_STANDARD = "gnu++0x";
				CLANG_CXX_LIBRARY = "libc++";
				CLANG_ENABLE_MODULES = YES;
				CLANG_ENABLE_OBJC_ARC = YES;
				CLANG_WARN_BOOL_CONVERSION = YES;
				CLANG_WARN_CONSTANT_CONVERSION = YES;
				CLANG_WARN_DIRECT_OBJC_ISA_USAGE = YES_ERROR;
				CLANG_WARN_EMPTY_BODY = YES;
				CLANG_WARN_ENUM_CONVERSION = YES;
				CLANG_WARN_INT_CONVERSION = YES;
				CLANG_WARN_OBJC_ROOT_CLASS = YES_ERROR;
				CLANG_WARN_UNREACHABLE_CODE = YES;
				CLANG_WARN__DUPLICATE_METHOD_MATCH = YES;
				"CODE_SIGN_IDENTITY[sdk=iphoneos*]" = "iPhone Developer";
				COPY_PHASE_STRIP = NO;
				ENABLE_STRICT_OBJC_MSGSEND = YES;
				GCC_C_LANGUAGE_STANDARD = gnu99;
				GCC_DYNAMIC_NO_PIC = NO;
				GCC_OPTIMIZATION_LEVEL = 0;
				GCC_PREPROCESSOR_DEFINITIONS = (
					"DEBUG=1",
					"$(inherited)",
				);
				GCC_SYMBOLS_PRIVATE_EXTERN = NO;
				GCC_WARN_64_TO_32_BIT_CONVERSION = YES;
				GCC_WARN_ABOUT_RETURN_TYPE = YES_ERROR;
				GCC_WARN_UNDECLARED_SELECTOR = YES;
				GCC_WARN_UNINITIALIZED_AUTOS = YES_AGGRESSIVE;
				GCC_WARN_UNUSED_FUNCTION = YES;
				GCC_WARN_UNUSED_VARIABLE = YES;
				IPHONEOS_DEPLOYMENT_TARGET = 8.0;
				MTL_ENABLE_DEBUG_INFO = YES;
				ONLY_ACTIVE_ARCH = YES;
				SDKROOT = iphoneos;
			};
			name = Debug;
		};
		299AEAEA19F653FA008E67BE /* Release */ = {
			isa = XCBuildConfiguration;
			buildSettings = {
				ALWAYS_SEARCH_USER_PATHS = NO;
				CLANG_CXX_LANGUAGE_STANDARD = "gnu++0x";
				CLANG_CXX_LIBRARY = "libc++";
				CLANG_ENABLE_MODULES = YES;
				CLANG_ENABLE_OBJC_ARC = YES;
				CLANG_WARN_BOOL_CONVERSION = YES;
				CLANG_WARN_CONSTANT_CONVERSION = YES;
				CLANG_WARN_DIRECT_OBJC_ISA_USAGE = YES_ERROR;
				CLANG_WARN_EMPTY_BODY = YES;
				CLANG_WARN_ENUM_CONVERSION = YES;
				CLANG_WARN_INT_CONVERSION = YES;
				CLANG_WARN_OBJC_ROOT_CLASS = YES_ERROR;
				CLANG_WARN_UNREACHABLE_CODE = YES;
				CLANG_WARN__DUPLICATE_METHOD_MATCH = YES;
				"CODE_SIGN_IDENTITY[sdk=iphoneos*]" = "iPhone Developer";
				COPY_PHASE_STRIP = YES;
				ENABLE_NS_ASSERTIONS = NO;
				ENABLE_STRICT_OBJC_MSGSEND = YES;
				GCC_C_LANGUAGE_STANDARD = gnu99;
				GCC_WARN_64_TO_32_BIT_CONVERSION = YES;
				GCC_WARN_ABOUT_RETURN_TYPE = YES_ERROR;
				GCC_WARN_UNDECLARED_SELECTOR = YES;
				GCC_WARN_UNINITIALIZED_AUTOS = YES_AGGRESSIVE;
				GCC_WARN_UNUSED_FUNCTION = YES;
				GCC_WARN_UNUSED_VARIABLE = YES;
				IPHONEOS_DEPLOYMENT_TARGET = 8.0;
				MTL_ENABLE_DEBUG_INFO = NO;
				SDKROOT = iphoneos;
				VALIDATE_PRODUCT = YES;
			};
			name = Release;
		};
		299AEAEC19F653FA008E67BE /* Debug */ = {
			isa = XCBuildConfiguration;
			buildSettings = {
				ASSETCATALOG_COMPILER_APPICON_NAME = AppIcon;
				FRAMEWORK_SEARCH_PATHS = (
					"$(inherited)",
					"/Users/Way/Downloads/parse-library-1.4.2",
				);
				INFOPLIST_FILE = 1021HW/Info.plist;
				LD_RUNPATH_SEARCH_PATHS = "$(inherited) @executable_path/Frameworks";
				PRODUCT_NAME = "$(TARGET_NAME)";
			};
			name = Debug;
		};
		299AEAED19F653FA008E67BE /* Release */ = {
			isa = XCBuildConfiguration;
			buildSettings = {
				ASSETCATALOG_COMPILER_APPICON_NAME = AppIcon;
				FRAMEWORK_SEARCH_PATHS = (
					"$(inherited)",
					"/Users/Way/Downloads/parse-library-1.4.2",
				);
				INFOPLIST_FILE = 1021HW/Info.plist;
				LD_RUNPATH_SEARCH_PATHS = "$(inherited) @executable_path/Frameworks";
				PRODUCT_NAME = "$(TARGET_NAME)";
			};
			name = Release;
		};
		299AEAEF19F653FA008E67BE /* Debug */ = {
			isa = XCBuildConfiguration;
			buildSettings = {
				BUNDLE_LOADER = "$(TEST_HOST)";
				FRAMEWORK_SEARCH_PATHS = (
					"$(SDKROOT)/Developer/Library/Frameworks",
					"$(inherited)",
				);
				GCC_PREPROCESSOR_DEFINITIONS = (
					"DEBUG=1",
					"$(inherited)",
				);
				INFOPLIST_FILE = 1021HWTests/Info.plist;
				LD_RUNPATH_SEARCH_PATHS = "$(inherited) @executable_path/Frameworks @loader_path/Frameworks";
				PRODUCT_NAME = "$(TARGET_NAME)";
				TEST_HOST = "$(BUILT_PRODUCTS_DIR)/1021HW.app/1021HW";
			};
			name = Debug;
		};
		299AEAF019F653FA008E67BE /* Release */ = {
			isa = XCBuildConfiguration;
			buildSettings = {
				BUNDLE_LOADER = "$(TEST_HOST)";
				FRAMEWORK_SEARCH_PATHS = (
					"$(SDKROOT)/Developer/Library/Frameworks",
					"$(inherited)",
				);
				INFOPLIST_FILE = 1021HWTests/Info.plist;
				LD_RUNPATH_SEARCH_PATHS = "$(inherited) @executable_path/Frameworks @loader_path/Frameworks";
				PRODUCT_NAME = "$(TARGET_NAME)";
				TEST_HOST = "$(BUILT_PRODUCTS_DIR)/1021HW.app/1021HW";
			};
			name = Release;
		};
/* End XCBuildConfiguration section */

/* Begin XCConfigurationList section */
		299AEAC019F653FA008E67BE /* Build configuration list for PBXProject "1021HW" */ = {
			isa = XCConfigurationList;
			buildConfigurations = (
				299AEAE919F653FA008E67BE /* Debug */,
				299AEAEA19F653FA008E67BE /* Release */,
			);
			defaultConfigurationIsVisible = 0;
			defaultConfigurationName = Release;
		};
		299AEAEB19F653FA008E67BE /* Build configuration list for PBXNativeTarget "1021HW" */ = {
			isa = XCConfigurationList;
			buildConfigurations = (
				299AEAEC19F653FA008E67BE /* Debug */,
				299AEAED19F653FA008E67BE /* Release */,
			);
			defaultConfigurationIsVisible = 0;
			defaultConfigurationName = Release;
		};
		299AEAEE19F653FA008E67BE /* Build configuration list for PBXNativeTarget "1021HWTests" */ = {
			isa = XCConfigurationList;
			buildConfigurations = (
				299AEAEF19F653FA008E67BE /* Debug */,
				299AEAF019F653FA008E67BE /* Release */,
			);
			defaultConfigurationIsVisible = 0;
			defaultConfigurationName = Release;
		};
/* End XCConfigurationList section */

/* Begin XCVersionGroup section */
		299AEACF19F653FA008E67BE /* _021HW.xcdatamodeld */ = {
			isa = XCVersionGroup;
			children = (
				299AEAD019F653FA008E67BE /* _021HW.xcdatamodel */,
			);
			currentVersion = 299AEAD019F653FA008E67BE /* _021HW.xcdatamodel */;
			path = _021HW.xcdatamodeld;
			sourceTree = "<group>";
			versionGroupType = wrapper.xcdatamodel;
		};
/* End XCVersionGroup section */
	};
	rootObject = 299AEABD19F653FA008E67BE /* Project object */;
}
